
Microsoft Visual Studio Solution File, Format Version 12.00
# Visual Studio Version 17
VisualStudioVersion = 17.14.36717.8
MinimumVisualStudioVersion = 10.0.40219.1
Project("{FAE04EC0-301F-11D3-BF4B-00C04F79EFBC}") = "ConsoleApp2", "ConsoleApp2.csproj", "{B4281994-E5AD-445B-92F8-93DBCEF91182}"
EndProject
Global
	GlobalSection(SolutionConfigurationPlatforms) = preSolution
		Debug|Any CPU = Debug|Any CPU
		Release|Any CPU = Release|Any CPU
	EndGlobalSection
	GlobalSection(ProjectConfigurationPlatforms) = postSolution
		{B4281994-E5AD-445B-92F8-93DBCEF91182}.Debug|Any CPU.ActiveCfg = Debug|Any CPU
		{B4281994-E5AD-445B-92F8-93DBCEF91182}.Debug|Any CPU.Build.0 = Debug|Any CPU
		{B4281994-E5AD-445B-92F8-93DBCEF91182}.Release|Any CPU.ActiveCfg = Release|Any CPU
		{B4281994-E5AD-445B-92F8-93DBCEF91182}.Release|Any CPU.Build.0 = Release|Any CPU
	EndGlobalSection
	GlobalSection(SolutionProperties) = preSolution
		HideSolutionNode = FALSE
	EndGlobalSection
	GlobalSection(ExtensibilityGlobals) = postSolution
		SolutionGuid = {1ABB1027-4D83-4AAF-9BCF-BB2113F9E933}
	EndGlobalSection
EndGlobal
